
Microsoft Visual Studio Solution File, Format Version 12.00
# Visual Studio Version 16
VisualStudioVersion = 16.0.29009.5
MinimumVisualStudioVersion = 10.0.40219.1
Project("{FAE04EC0-301F-11D3-BF4B-00C04F79EFBC}") = "REST_Client", "REST_Client\REST_Client.csproj", "{712854E9-A6B4-4CBC-93CC-0AC2739EF93C}"
EndProject
Global
	GlobalSection(SolutionConfigurationPlatforms) = preSolution
		Debug|Any CPU = Debug|Any CPU
		Release|Any CPU = Release|Any CPU
	EndGlobalSection
	GlobalSection(ProjectConfigurationPlatforms) = postSolution
		{712854E9-A6B4-4CBC-93CC-0AC2739EF93C}.Debug|Any CPU.ActiveCfg = Debug|Any CPU
		{712854E9-A6B4-4CBC-93CC-0AC2739EF93C}.Debug|Any CPU.Build.0 = Debug|Any CPU
		{712854E9-A6B4-4CBC-93CC-0AC2739EF93C}.Release|Any CPU.ActiveCfg = Release|Any CPU
		{712854E9-A6B4-4CBC-93CC-0AC2739EF93C}.Release|Any CPU.Build.0 = Release|Any CPU
	EndGlobalSection
	GlobalSection(SolutionProperties) = preSolution
		HideSolutionNode = FALSE
	EndGlobalSection
	GlobalSection(ExtensibilityGlobals) = postSolution
		SolutionGuid = {BCEFFA4E-F61C-44EA-92F8-59F6E07B225D}
	EndGlobalSection
EndGlobal
